
Microsoft Visual Studio Solution File, Format Version 12.00
# Visual Studio Version 16
VisualStudioVersion = 16.0.32126.315
MinimumVisualStudioVersion = 10.0.40219.1
Project("{8BC9CEB8-8B4A-11D0-8D11-00A0C91BC942}") = "2122-otj-10-project-repo-VLMladenov19", "2122-otj-10-project-repo-VLMladenov19\2122-otj-10-project-repo-VLMladenov19.vcxproj", "{B04715A9-32ED-4C67-A789-3521497E9003}"
EndProject
Project("{8BC9CEB8-8B4A-11D0-8D11-00A0C91BC942}") = "pm.bll", "pm.bll\pm.bll.vcxproj", "{EF892D9D-7B7B-4896-9B1B-0EF340CBCEC4}"
EndProject
Project("{8BC9CEB8-8B4A-11D0-8D11-00A0C91BC942}") = "pm.dal", "pm.dal\pm.dal.vcxproj", "{899351B5-DD9F-433A-BFE9-07B1B1D5B5D1}"
EndProject
Project("{8BC9CEB8-8B4A-11D0-8D11-00A0C91BC942}") = "pm.tools", "pm.tools\pm.tools.vcxproj", "{AEE04FE7-AAC3-40AC-9CC6-BFD99ED7EA96}"
EndProject
Project("{8BC9CEB8-8B4A-11D0-8D11-00A0C91BC942}") = "pm.types", "pm.types\pm.types.vcxproj", "{1CF52FDD-A76E-4515-BBC1-EC01A28D832B}"
EndProject
Global
	GlobalSection(SolutionConfigurationPlatforms) = preSolution
		Debug|x64 = Debug|x64
		Debug|x86 = Debug|x86
		Release|x64 = Release|x64
		Release|x86 = Release|x86
	EndGlobalSection
	GlobalSection(ProjectConfigurationPlatforms) = postSolution
		{B04715A9-32ED-4C67-A789-3521497E9003}.Debug|x64.ActiveCfg = Debug|x64
		{B04715A9-32ED-4C67-A789-3521497E9003}.Debug|x64.Build.0 = Debug|x64
		{B04715A9-32ED-4C67-A789-3521497E9003}.Debug|x86.ActiveCfg = Debug|Win32
		{B04715A9-32ED-4C67-A789-3521497E9003}.Debug|x86.Build.0 = Debug|Win32
		{B04715A9-32ED-4C67-A789-3521497E9003}.Release|x64.ActiveCfg = Release|x64
		{B04715A9-32ED-4C67-A789-3521497E9003}.Release|x64.Build.0 = Release|x64
		{B04715A9-32ED-4C67-A789-3521497E9003}.Release|x86.ActiveCfg = Release|Win32
		{B04715A9-32ED-4C67-A789-3521497E9003}.Release|x86.Build.0 = Release|Win32
		{EF892D9D-7B7B-4896-9B1B-0EF340CBCEC4}.Debug|x64.ActiveCfg = Debug|x64
		{EF892D9D-7B7B-4896-9B1B-0EF340CBCEC4}.Debug|x64.Build.0 = Debug|x64
		{EF892D9D-7B7B-4896-9B1B-0EF340CBCEC4}.Debug|x86.ActiveCfg = Debug|Win32
		{EF892D9D-7B7B-4896-9B1B-0EF340CBCEC4}.Debug|x86.Build.0 = Debug|Win32
		{EF892D9D-7B7B-4896-9B1B-0EF340CBCEC4}.Release|x64.ActiveCfg = Release|x64
		{EF892D9D-7B7B-4896-9B1B-0EF340CBCEC4}.Release|x64.Build.0 = Release|x64
		{EF892D9D-7B7B-4896-9B1B-0EF340CBCEC4}.Release|x86.ActiveCfg = Release|Win32
		{EF892D9D-7B7B-4896-9B1B-0EF340CBCEC4}.Release|x86.Build.0 = Release|Win32
		{899351B5-DD9F-433A-BFE9-07B1B1D5B5D1}.Debug|x64.ActiveCfg = Debug|x64
		{899351B5-DD9F-433A-BFE9-07B1B1D5B5D1}.Debug|x64.Build.0 = Debug|x64
		{899351B5-DD9F-433A-BFE9-07B1B1D5B5D1}.Debug|x86.ActiveCfg = Debug|Win32
		{899351B5-DD9F-433A-BFE9-07B1B1D5B5D1}.Debug|x86.Build.0 = Debug|Win32
		{899351B5-DD9F-433A-BFE9-07B1B1D5B5D1}.Release|x64.ActiveCfg = Release|x64
		{899351B5-DD9F-433A-BFE9-07B1B1D5B5D1}.Release|x64.Build.0 = Release|x64
		{899351B5-DD9F-433A-BFE9-07B1B1D5B5D1}.Release|x86.ActiveCfg = Release|Win32
		{899351B5-DD9F-433A-BFE9-07B1B1D5B5D1}.Release|x86.Build.0 = Release|Win32
		{AEE04FE7-AAC3-40AC-9CC6-BFD99ED7EA96}.Debug|x64.ActiveCfg = Debug|x64
		{AEE04FE7-AAC3-40AC-9CC6-BFD99ED7EA96}.Debug|x64.Build.0 = Debug|x64
		{AEE04FE7-AAC3-40AC-9CC6-BFD99ED7EA96}.Debug|x86.ActiveCfg = Debug|Win32
		{AEE04FE7-AAC3-40AC-9CC6-BFD99ED7EA96}.Debug|x86.Build.0 = Debug|Win32
		{AEE04FE7-AAC3-40AC-9CC6-BFD99ED7EA96}.Release|x64.ActiveCfg = Release|x64
		{AEE04FE7-AAC3-40AC-9CC6-BFD99ED7EA96}.Release|x64.Build.0 = Release|x64
		{AEE04FE7-AAC3-40AC-9CC6-BFD99ED7EA96}.Release|x86.ActiveCfg = Release|Win32
		{AEE04FE7-AAC3-40AC-9CC6-BFD99ED7EA96}.Release|x86.Build.0 = Release|Win32
		{1CF52FDD-A76E-4515-BBC1-EC01A28D832B}.Debug|x64.ActiveCfg = Debug|x64
		{1CF52FDD-A76E-4515-BBC1-EC01A28D832B}.Debug|x64.Build.0 = Debug|x64
		{1CF52FDD-A76E-4515-BBC1-EC01A28D832B}.Debug|x86.ActiveCfg = Debug|Win32
		{1CF52FDD-A76E-4515-BBC1-EC01A28D832B}.Debug|x86.Build.0 = Debug|Win32
		{1CF52FDD-A76E-4515-BBC1-EC01A28D832B}.Release|x64.ActiveCfg = Release|x64
		{1CF52FDD-A76E-4515-BBC1-EC01A28D832B}.Release|x64.Build.0 = Release|x64
		{1CF52FDD-A76E-4515-BBC1-EC01A28D832B}.Release|x86.ActiveCfg = Release|Win32
		{1CF52FDD-A76E-4515-BBC1-EC01A28D832B}.Release|x86.Build.0 = Release|Win32
	EndGlobalSection
	GlobalSection(SolutionProperties) = preSolution
		HideSolutionNode = FALSE
	EndGlobalSection
	GlobalSection(ExtensibilityGlobals) = postSolution
		SolutionGuid = {926742FC-BECD-4238-89D2-8E54ADC8ADE4}
	EndGlobalSection
EndGlobal
